
Microsoft Visual Studio Solution File, Format Version 12.00
# Visual Studio Version 17
VisualStudioVersion = 17.2.32630.192
MinimumVisualStudioVersion = 10.0.40219.1
Project("{FAE04EC0-301F-11D3-BF4B-00C04F79EFBC}") = "Ventas", "Ventas\Ventas.csproj", "{F63E6A17-8D71-4439-A339-1E8121A9826F}"
EndProject
Global
	GlobalSection(SolutionConfigurationPlatforms) = preSolution
		Debug|Any CPU = Debug|Any CPU
		Release|Any CPU = Release|Any CPU
	EndGlobalSection
	GlobalSection(ProjectConfigurationPlatforms) = postSolution
		{F63E6A17-8D71-4439-A339-1E8121A9826F}.Debug|Any CPU.ActiveCfg = Debug|Any CPU
		{F63E6A17-8D71-4439-A339-1E8121A9826F}.Debug|Any CPU.Build.0 = Debug|Any CPU
		{F63E6A17-8D71-4439-A339-1E8121A9826F}.Release|Any CPU.ActiveCfg = Release|Any CPU
		{F63E6A17-8D71-4439-A339-1E8121A9826F}.Release|Any CPU.Build.0 = Release|Any CPU
	EndGlobalSection
	GlobalSection(SolutionProperties) = preSolution
		HideSolutionNode = FALSE
	EndGlobalSection
	GlobalSection(ExtensibilityGlobals) = postSolution
		SolutionGuid = {F9C62207-C262-4FDD-B1FB-F1191BBCDFC8}
	EndGlobalSection
EndGlobal
